
Microsoft Visual Studio Solution File, Format Version 12.00
# Visual Studio Version 16
VisualStudioVersion = 16.0.30517.126
MinimumVisualStudioVersion = 10.0.40219.1
Project("{FAE04EC0-301F-11D3-BF4B-00C04F79EFBC}") = "BillInheritance", "BillInheritance\BillInheritance.csproj", "{99973211-BA42-4814-B30E-84F66144DFDC}"
EndProject
Global
	GlobalSection(SolutionConfigurationPlatforms) = preSolution
		Debug|Any CPU = Debug|Any CPU
		Release|Any CPU = Release|Any CPU
	EndGlobalSection
	GlobalSection(ProjectConfigurationPlatforms) = postSolution
		{99973211-BA42-4814-B30E-84F66144DFDC}.Debug|Any CPU.ActiveCfg = Debug|Any CPU
		{99973211-BA42-4814-B30E-84F66144DFDC}.Debug|Any CPU.Build.0 = Debug|Any CPU
		{99973211-BA42-4814-B30E-84F66144DFDC}.Release|Any CPU.ActiveCfg = Release|Any CPU
		{99973211-BA42-4814-B30E-84F66144DFDC}.Release|Any CPU.Build.0 = Release|Any CPU
	EndGlobalSection
	GlobalSection(SolutionProperties) = preSolution
		HideSolutionNode = FALSE
	EndGlobalSection
	GlobalSection(ExtensibilityGlobals) = postSolution
		SolutionGuid = {BD7A69F3-A216-425F-AAB2-EC3D38E7040D}
	EndGlobalSection
EndGlobal
